
Microsoft Visual Studio Solution File, Format Version 12.00
# Visual Studio Version 17
VisualStudioVersion = 17.1.32319.34
MinimumVisualStudioVersion = 10.0.40219.1
Project("{9A19103F-16F7-4668-BE54-9A1E7A4F7556}") = "Olimpia", "Olimpia\Olimpia.csproj", "{84773777-0CFF-4C67-8381-2F99BCDACE3E}"
EndProject
Project("{FAE04EC0-301F-11D3-BF4B-00C04F79EFBC}") = "Data", "Data\Data.csproj", "{524B405C-26ED-473A-B70C-EE5C412501E9}"
EndProject
Project("{FAE04EC0-301F-11D3-BF4B-00C04F79EFBC}") = "BussinesLogic", "BussinesLogic\BussinesLogic.csproj", "{4EF69620-0C6F-4BF2-BB1E-1AED4D2F050B}"
EndProject
Global
	GlobalSection(SolutionConfigurationPlatforms) = preSolution
		Debug|Any CPU = Debug|Any CPU
		Release|Any CPU = Release|Any CPU
	EndGlobalSection
	GlobalSection(ProjectConfigurationPlatforms) = postSolution
		{84773777-0CFF-4C67-8381-2F99BCDACE3E}.Debug|Any CPU.ActiveCfg = Debug|Any CPU
		{84773777-0CFF-4C67-8381-2F99BCDACE3E}.Debug|Any CPU.Build.0 = Debug|Any CPU
		{84773777-0CFF-4C67-8381-2F99BCDACE3E}.Release|Any CPU.ActiveCfg = Release|Any CPU
		{84773777-0CFF-4C67-8381-2F99BCDACE3E}.Release|Any CPU.Build.0 = Release|Any CPU
		{524B405C-26ED-473A-B70C-EE5C412501E9}.Debug|Any CPU.ActiveCfg = Debug|Any CPU
		{524B405C-26ED-473A-B70C-EE5C412501E9}.Debug|Any CPU.Build.0 = Debug|Any CPU
		{524B405C-26ED-473A-B70C-EE5C412501E9}.Release|Any CPU.ActiveCfg = Release|Any CPU
		{524B405C-26ED-473A-B70C-EE5C412501E9}.Release|Any CPU.Build.0 = Release|Any CPU
		{4EF69620-0C6F-4BF2-BB1E-1AED4D2F050B}.Debug|Any CPU.ActiveCfg = Debug|Any CPU
		{4EF69620-0C6F-4BF2-BB1E-1AED4D2F050B}.Debug|Any CPU.Build.0 = Debug|Any CPU
		{4EF69620-0C6F-4BF2-BB1E-1AED4D2F050B}.Release|Any CPU.ActiveCfg = Release|Any CPU
		{4EF69620-0C6F-4BF2-BB1E-1AED4D2F050B}.Release|Any CPU.Build.0 = Release|Any CPU
	EndGlobalSection
	GlobalSection(SolutionProperties) = preSolution
		HideSolutionNode = FALSE
	EndGlobalSection
	GlobalSection(ExtensibilityGlobals) = postSolution
		SolutionGuid = {B2FFCF7E-44D8-4EAE-9F8D-4ADC216539C7}
	EndGlobalSection
EndGlobal
